
Microsoft Visual Studio Solution File, Format Version 12.00
# Visual Studio 15
VisualStudioVersion = 15.0.26403.3
MinimumVisualStudioVersion = 10.0.40219.1
Project("{FAE04EC0-301F-11D3-BF4B-00C04F79EFBC}") = "RadialProgressExample.Android", "RadialProgressExample\RadialProgressExample.Android\RadialProgressExample.Android.csproj", "{03B651C1-5E53-4C3A-97D3-36CEE6521EF7}"
EndProject
Project("{FAE04EC0-301F-11D3-BF4B-00C04F79EFBC}") = "RadialProgressExample", "RadialProgressExample\RadialProgressExample\RadialProgressExample.csproj", "{36C97AB9-5D8A-4362-946E-49D483A66340}"
EndProject
Project("{FAE04EC0-301F-11D3-BF4B-00C04F79EFBC}") = "RadialProgressExample.iOS", "RadialProgressExample\RadialProgressExample.iOS\RadialProgressExample.iOS.csproj", "{3D3603C1-03E1-42C9-B424-86EFC1AE4114}"
EndProject
Global
	GlobalSection(SolutionConfigurationPlatforms) = preSolution
		Ad-Hoc|Any CPU = Ad-Hoc|Any CPU
		Ad-Hoc|ARM = Ad-Hoc|ARM
		Ad-Hoc|iPhone = Ad-Hoc|iPhone
		Ad-Hoc|iPhoneSimulator = Ad-Hoc|iPhoneSimulator
		Ad-Hoc|x64 = Ad-Hoc|x64
		Ad-Hoc|x86 = Ad-Hoc|x86
		AppStore|Any CPU = AppStore|Any CPU
		AppStore|ARM = AppStore|ARM
		AppStore|iPhone = AppStore|iPhone
		AppStore|iPhoneSimulator = AppStore|iPhoneSimulator
		AppStore|x64 = AppStore|x64
		AppStore|x86 = AppStore|x86
		Debug|Any CPU = Debug|Any CPU
		Debug|ARM = Debug|ARM
		Debug|iPhone = Debug|iPhone
		Debug|iPhoneSimulator = Debug|iPhoneSimulator
		Debug|x64 = Debug|x64
		Debug|x86 = Debug|x86
		Release|Any CPU = Release|Any CPU
		Release|ARM = Release|ARM
		Release|iPhone = Release|iPhone
		Release|iPhoneSimulator = Release|iPhoneSimulator
		Release|x64 = Release|x64
		Release|x86 = Release|x86
	EndGlobalSection
	GlobalSection(ProjectConfigurationPlatforms) = postSolution
		{03B651C1-5E53-4C3A-97D3-36CEE6521EF7}.Ad-Hoc|Any CPU.ActiveCfg = Release|Any CPU
		{03B651C1-5E53-4C3A-97D3-36CEE6521EF7}.Ad-Hoc|Any CPU.Build.0 = Release|Any CPU
		{03B651C1-5E53-4C3A-97D3-36CEE6521EF7}.Ad-Hoc|Any CPU.Deploy.0 = Release|Any CPU
		{03B651C1-5E53-4C3A-97D3-36CEE6521EF7}.Ad-Hoc|ARM.ActiveCfg = Release|Any CPU
		{03B651C1-5E53-4C3A-97D3-36CEE6521EF7}.Ad-Hoc|ARM.Build.0 = Release|Any CPU
		{03B651C1-5E53-4C3A-97D3-36CEE6521EF7}.Ad-Hoc|ARM.Deploy.0 = Release|Any CPU
		{03B651C1-5E53-4C3A-97D3-36CEE6521EF7}.Ad-Hoc|iPhone.ActiveCfg = Release|Any CPU
		{03B651C1-5E53-4C3A-97D3-36CEE6521EF7}.Ad-Hoc|iPhone.Build.0 = Release|Any CPU
		{03B651C1-5E53-4C3A-97D3-36CEE6521EF7}.Ad-Hoc|iPhone.Deploy.0 = Release|Any CPU
		{03B651C1-5E53-4C3A-97D3-36CEE6521EF7}.Ad-Hoc|iPhoneSimulator.ActiveCfg = Release|Any CPU
		{03B651C1-5E53-4C3A-97D3-36CEE6521EF7}.Ad-Hoc|iPhoneSimulator.Build.0 = Release|Any CPU
		{03B651C1-5E53-4C3A-97D3-36CEE6521EF7}.Ad-Hoc|iPhoneSimulator.Deploy.0 = Release|Any CPU
		{03B651C1-5E53-4C3A-97D3-36CEE6521EF7}.Ad-Hoc|x64.ActiveCfg = Release|Any CPU
		{03B651C1-5E53-4C3A-97D3-36CEE6521EF7}.Ad-Hoc|x64.Build.0 = Release|Any CPU
		{03B651C1-5E53-4C3A-97D3-36CEE6521EF7}.Ad-Hoc|x64.Deploy.0 = Release|Any CPU
		{03B651C1-5E53-4C3A-97D3-36CEE6521EF7}.Ad-Hoc|x86.ActiveCfg = Release|Any CPU
		{03B651C1-5E53-4C3A-97D3-36CEE6521EF7}.Ad-Hoc|x86.Build.0 = Release|Any CPU
		{03B651C1-5E53-4C3A-97D3-36CEE6521EF7}.Ad-Hoc|x86.Deploy.0 = Release|Any CPU
		{03B651C1-5E53-4C3A-97D3-36CEE6521EF7}.AppStore|Any CPU.ActiveCfg = Release|Any CPU
		{03B651C1-5E53-4C3A-97D3-36CEE6521EF7}.AppStore|Any CPU.Build.0 = Release|Any CPU
		{03B651C1-5E53-4C3A-97D3-36CEE6521EF7}.AppStore|Any CPU.Deploy.0 = Release|Any CPU
		{03B651C1-5E53-4C3A-97D3-36CEE6521EF7}.AppStore|ARM.ActiveCfg = Release|Any CPU
		{03B651C1-5E53-4C3A-97D3-36CEE6521EF7}.AppStore|ARM.Build.0 = Release|Any CPU
		{03B651C1-5E53-4C3A-97D3-36CEE6521EF7}.AppStore|ARM.Deploy.0 = Release|Any CPU
		{03B651C1-5E53-4C3A-97D3-36CEE6521EF7}.AppStore|iPhone.ActiveCfg = Release|Any CPU
		{03B651C1-5E53-4C3A-97D3-36CEE6521EF7}.AppStore|iPhone.Build.0 = Release|Any CPU
		{03B651C1-5E53-4C3A-97D3-36CEE6521EF7}.AppStore|iPhone.Deploy.0 = Release|Any CPU
		{03B651C1-5E53-4C3A-97D3-36CEE6521EF7}.AppStore|iPhoneSimulator.ActiveCfg = Release|Any CPU
		{03B651C1-5E53-4C3A-97D3-36CEE6521EF7}.AppStore|iPhoneSimulator.Build.0 = Release|Any CPU
		{03B651C1-5E53-4C3A-97D3-36CEE6521EF7}.AppStore|iPhoneSimulator.Deploy.0 = Release|Any CPU
		{03B651C1-5E53-4C3A-97D3-36CEE6521EF7}.AppStore|x64.ActiveCfg = Release|Any CPU
		{03B651C1-5E53-4C3A-97D3-36CEE6521EF7}.AppStore|x64.Build.0 = Release|Any CPU
		{03B651C1-5E53-4C3A-97D3-36CEE6521EF7}.AppStore|x64.Deploy.0 = Release|Any CPU
		{03B651C1-5E53-4C3A-97D3-36CEE6521EF7}.AppStore|x86.ActiveCfg = Release|Any CPU
		{03B651C1-5E53-4C3A-97D3-36CEE6521EF7}.AppStore|x86.Build.0 = Release|Any CPU
		{03B651C1-5E53-4C3A-97D3-36CEE6521EF7}.AppStore|x86.Deploy.0 = Release|Any CPU
		{03B651C1-5E53-4C3A-97D3-36CEE6521EF7}.Debug|Any CPU.ActiveCfg = Debug|Any CPU
		{03B651C1-5E53-4C3A-97D3-36CEE6521EF7}.Debug|Any CPU.Build.0 = Debug|Any CPU
		{03B651C1-5E53-4C3A-97D3-36CEE6521EF7}.Debug|Any CPU.Deploy.0 = Debug|Any CPU
		{03B651C1-5E53-4C3A-97D3-36CEE6521EF7}.Debug|ARM.ActiveCfg = Debug|Any CPU
		{03B651C1-5E53-4C3A-97D3-36CEE6521EF7}.Debug|ARM.Build.0 = Debug|Any CPU
		{03B651C1-5E53-4C3A-97D3-36CEE6521EF7}.Debug|ARM.Deploy.0 = Debug|Any CPU
		{03B651C1-5E53-4C3A-97D3-36CEE6521EF7}.Debug|iPhone.ActiveCfg = Debug|Any CPU
		{03B651C1-5E53-4C3A-97D3-36CEE6521EF7}.Debug|iPhone.Build.0 = Debug|Any CPU
		{03B651C1-5E53-4C3A-97D3-36CEE6521EF7}.Debug|iPhone.Deploy.0 = Debug|Any CPU
		{03B651C1-5E53-4C3A-97D3-36CEE6521EF7}.Debug|iPhoneSimulator.ActiveCfg = Debug|Any CPU
		{03B651C1-5E53-4C3A-97D3-36CEE6521EF7}.Debug|iPhoneSimulator.Build.0 = Debug|Any CPU
		{03B651C1-5E53-4C3A-97D3-36CEE6521EF7}.Debug|iPhoneSimulator.Deploy.0 = Debug|Any CPU
		{03B651C1-5E53-4C3A-97D3-36CEE6521EF7}.Debug|x64.ActiveCfg = Debug|Any CPU
		{03B651C1-5E53-4C3A-97D3-36CEE6521EF7}.Debug|x64.Build.0 = Debug|Any CPU
		{03B651C1-5E53-4C3A-97D3-36CEE6521EF7}.Debug|x64.Deploy.0 = Debug|Any CPU
		{03B651C1-5E53-4C3A-97D3-36CEE6521EF7}.Debug|x86.ActiveCfg = Debug|Any CPU
		{03B651C1-5E53-4C3A-97D3-36CEE6521EF7}.Debug|x86.Build.0 = Debug|Any CPU
		{03B651C1-5E53-4C3A-97D3-36CEE6521EF7}.Debug|x86.Deploy.0 = Debug|Any CPU
		{03B651C1-5E53-4C3A-97D3-36CEE6521EF7}.Release|Any CPU.ActiveCfg = Release|Any CPU
		{03B651C1-5E53-4C3A-97D3-36CEE6521EF7}.Release|Any CPU.Build.0 = Release|Any CPU
		{03B651C1-5E53-4C3A-97D3-36CEE6521EF7}.Release|Any CPU.Deploy.0 = Release|Any CPU
		{03B651C1-5E53-4C3A-97D3-36CEE6521EF7}.Release|ARM.ActiveCfg = Release|Any CPU
		{03B651C1-5E53-4C3A-97D3-36CEE6521EF7}.Release|ARM.Build.0 = Release|Any CPU
		{03B651C1-5E53-4C3A-97D3-36CEE6521EF7}.Release|ARM.Deploy.0 = Release|Any CPU
		{03B651C1-5E53-4C3A-97D3-36CEE6521EF7}.Release|iPhone.ActiveCfg = Release|Any CPU
		{03B651C1-5E53-4C3A-97D3-36CEE6521EF7}.Release|iPhone.Build.0 = Release|Any CPU
		{03B651C1-5E53-4C3A-97D3-36CEE6521EF7}.Release|iPhone.Deploy.0 = Release|Any CPU
		{03B651C1-5E53-4C3A-97D3-36CEE6521EF7}.Release|iPhoneSimulator.ActiveCfg = Release|Any CPU
		{03B651C1-5E53-4C3A-97D3-36CEE6521EF7}.Release|iPhoneSimulator.Build.0 = Release|Any CPU
		{03B651C1-5E53-4C3A-97D3-36CEE6521EF7}.Release|iPhoneSimulator.Deploy.0 = Release|Any CPU
		{03B651C1-5E53-4C3A-97D3-36CEE6521EF7}.Release|x64.ActiveCfg = Release|Any CPU
		{03B651C1-5E53-4C3A-97D3-36CEE6521EF7}.Release|x64.Build.0 = Release|Any CPU
		{03B651C1-5E53-4C3A-97D3-36CEE6521EF7}.Release|x64.Deploy.0 = Release|Any CPU
		{03B651C1-5E53-4C3A-97D3-36CEE6521EF7}.Release|x86.ActiveCfg = Release|Any CPU
		{03B651C1-5E53-4C3A-97D3-36CEE6521EF7}.Release|x86.Build.0 = Release|Any CPU
		{03B651C1-5E53-4C3A-97D3-36CEE6521EF7}.Release|x86.Deploy.0 = Release|Any CPU
		{36C97AB9-5D8A-4362-946E-49D483A66340}.Ad-Hoc|Any CPU.ActiveCfg = Release|Any CPU
		{36C97AB9-5D8A-4362-946E-49D483A66340}.Ad-Hoc|Any CPU.Build.0 = Release|Any CPU
		{36C97AB9-5D8A-4362-946E-49D483A66340}.Ad-Hoc|ARM.ActiveCfg = Release|Any CPU
		{36C97AB9-5D8A-4362-946E-49D483A66340}.Ad-Hoc|ARM.Build.0 = Release|Any CPU
		{36C97AB9-5D8A-4362-946E-49D483A66340}.Ad-Hoc|iPhone.ActiveCfg = Release|Any CPU
		{36C97AB9-5D8A-4362-946E-49D483A66340}.Ad-Hoc|iPhone.Build.0 = Release|Any CPU
		{36C97AB9-5D8A-4362-946E-49D483A66340}.Ad-Hoc|iPhoneSimulator.ActiveCfg = Release|Any CPU
		{36C97AB9-5D8A-4362-946E-49D483A66340}.Ad-Hoc|iPhoneSimulator.Build.0 = Release|Any CPU
		{36C97AB9-5D8A-4362-946E-49D483A66340}.Ad-Hoc|x64.ActiveCfg = Release|Any CPU
		{36C97AB9-5D8A-4362-946E-49D483A66340}.Ad-Hoc|x64.Build.0 = Release|Any CPU
		{36C97AB9-5D8A-4362-946E-49D483A66340}.Ad-Hoc|x86.ActiveCfg = Release|Any CPU
		{36C97AB9-5D8A-4362-946E-49D483A66340}.Ad-Hoc|x86.Build.0 = Release|Any CPU
		{36C97AB9-5D8A-4362-946E-49D483A66340}.AppStore|Any CPU.ActiveCfg = Release|Any CPU
		{36C97AB9-5D8A-4362-946E-49D483A66340}.AppStore|Any CPU.Build.0 = Release|Any CPU
		{36C97AB9-5D8A-4362-946E-49D483A66340}.AppStore|ARM.ActiveCfg = Release|Any CPU
		{36C97AB9-5D8A-4362-946E-49D483A66340}.AppStore|ARM.Build.0 = Release|Any CPU
		{36C97AB9-5D8A-4362-946E-49D483A66340}.AppStore|iPhone.ActiveCfg = Release|Any CPU
		{36C97AB9-5D8A-4362-946E-49D483A66340}.AppStore|iPhone.Build.0 = Release|Any CPU
		{36C97AB9-5D8A-4362-946E-49D483A66340}.AppStore|iPhoneSimulator.ActiveCfg = Release|Any CPU
		{36C97AB9-5D8A-4362-946E-49D483A66340}.AppStore|iPhoneSimulator.Build.0 = Release|Any CPU
		{36C97AB9-5D8A-4362-946E-49D483A66340}.AppStore|x64.ActiveCfg = Release|Any CPU
		{36C97AB9-5D8A-4362-946E-49D483A66340}.AppStore|x64.Build.0 = Release|Any CPU
		{36C97AB9-5D8A-4362-946E-49D483A66340}.AppStore|x86.ActiveCfg = Release|Any CPU
		{36C97AB9-5D8A-4362-946E-49D483A66340}.AppStore|x86.Build.0 = Release|Any CPU
		{36C97AB9-5D8A-4362-946E-49D483A66340}.Debug|Any CPU.ActiveCfg = Debug|Any CPU
		{36C97AB9-5D8A-4362-946E-49D483A66340}.Debug|Any CPU.Build.0 = Debug|Any CPU
		{36C97AB9-5D8A-4362-946E-49D483A66340}.Debug|ARM.ActiveCfg = Debug|Any CPU
		{36C97AB9-5D8A-4362-946E-49D483A66340}.Debug|ARM.Build.0 = Debug|Any CPU
		{36C97AB9-5D8A-4362-946E-49D483A66340}.Debug|iPhone.ActiveCfg = Debug|Any CPU
		{36C97AB9-5D8A-4362-946E-49D483A66340}.Debug|iPhone.Build.0 = Debug|Any CPU
		{36C97AB9-5D8A-4362-946E-49D483A66340}.Debug|iPhoneSimulator.ActiveCfg = Debug|Any CPU
		{36C97AB9-5D8A-4362-946E-49D483A66340}.Debug|iPhoneSimulator.Build.0 = Debug|Any CPU
		{36C97AB9-5D8A-4362-946E-49D483A66340}.Debug|x64.ActiveCfg = Debug|Any CPU
		{36C97AB9-5D8A-4362-946E-49D483A66340}.Debug|x64.Build.0 = Debug|Any CPU
		{36C97AB9-5D8A-4362-946E-49D483A66340}.Debug|x86.ActiveCfg = Debug|Any CPU
		{36C97AB9-5D8A-4362-946E-49D483A66340}.Debug|x86.Build.0 = Debug|Any CPU
		{36C97AB9-5D8A-4362-946E-49D483A66340}.Release|Any CPU.ActiveCfg = Release|Any CPU
		{36C97AB9-5D8A-4362-946E-49D483A66340}.Release|Any CPU.Build.0 = Release|Any CPU
		{36C97AB9-5D8A-4362-946E-49D483A66340}.Release|ARM.ActiveCfg = Release|Any CPU
		{36C97AB9-5D8A-4362-946E-49D483A66340}.Release|ARM.Build.0 = Release|Any CPU
		{36C97AB9-5D8A-4362-946E-49D483A66340}.Release|iPhone.ActiveCfg = Release|Any CPU
		{36C97AB9-5D8A-4362-946E-49D483A66340}.Release|iPhone.Build.0 = Release|Any CPU
		{36C97AB9-5D8A-4362-946E-49D483A66340}.Release|iPhoneSimulator.ActiveCfg = Release|Any CPU
		{36C97AB9-5D8A-4362-946E-49D483A66340}.Release|iPhoneSimulator.Build.0 = Release|Any CPU
		{36C97AB9-5D8A-4362-946E-49D483A66340}.Release|x64.ActiveCfg = Release|Any CPU
		{36C97AB9-5D8A-4362-946E-49D483A66340}.Release|x64.Build.0 = Release|Any CPU
		{36C97AB9-5D8A-4362-946E-49D483A66340}.Release|x86.ActiveCfg = Release|Any CPU
		{36C97AB9-5D8A-4362-946E-49D483A66340}.Release|x86.Build.0 = Release|Any CPU
		{3D3603C1-03E1-42C9-B424-86EFC1AE4114}.Ad-Hoc|Any CPU.ActiveCfg = Ad-Hoc|iPhone
		{3D3603C1-03E1-42C9-B424-86EFC1AE4114}.Ad-Hoc|ARM.ActiveCfg = Ad-Hoc|iPhone
		{3D3603C1-03E1-42C9-B424-86EFC1AE4114}.Ad-Hoc|iPhone.ActiveCfg = Ad-Hoc|iPhone
		{3D3603C1-03E1-42C9-B424-86EFC1AE4114}.Ad-Hoc|iPhone.Build.0 = Ad-Hoc|iPhone
		{3D3603C1-03E1-42C9-B424-86EFC1AE4114}.Ad-Hoc|iPhoneSimulator.ActiveCfg = Ad-Hoc|iPhoneSimulator
		{3D3603C1-03E1-42C9-B424-86EFC1AE4114}.Ad-Hoc|iPhoneSimulator.Build.0 = Ad-Hoc|iPhoneSimulator
		{3D3603C1-03E1-42C9-B424-86EFC1AE4114}.Ad-Hoc|x64.ActiveCfg = Ad-Hoc|iPhone
		{3D3603C1-03E1-42C9-B424-86EFC1AE4114}.Ad-Hoc|x86.ActiveCfg = Ad-Hoc|iPhone
		{3D3603C1-03E1-42C9-B424-86EFC1AE4114}.AppStore|Any CPU.ActiveCfg = AppStore|iPhone
		{3D3603C1-03E1-42C9-B424-86EFC1AE4114}.AppStore|ARM.ActiveCfg = AppStore|iPhone
		{3D3603C1-03E1-42C9-B424-86EFC1AE4114}.AppStore|iPhone.ActiveCfg = AppStore|iPhone
		{3D3603C1-03E1-42C9-B424-86EFC1AE4114}.AppStore|iPhone.Build.0 = AppStore|iPhone
		{3D3603C1-03E1-42C9-B424-86EFC1AE4114}.AppStore|iPhoneSimulator.ActiveCfg = AppStore|iPhoneSimulator
		{3D3603C1-03E1-42C9-B424-86EFC1AE4114}.AppStore|iPhoneSimulator.Build.0 = AppStore|iPhoneSimulator
		{3D3603C1-03E1-42C9-B424-86EFC1AE4114}.AppStore|x64.ActiveCfg = AppStore|iPhone
		{3D3603C1-03E1-42C9-B424-86EFC1AE4114}.AppStore|x86.ActiveCfg = AppStore|iPhone
		{3D3603C1-03E1-42C9-B424-86EFC1AE4114}.Debug|Any CPU.ActiveCfg = Debug|iPhone
		{3D3603C1-03E1-42C9-B424-86EFC1AE4114}.Debug|ARM.ActiveCfg = Debug|iPhone
		{3D3603C1-03E1-42C9-B424-86EFC1AE4114}.Debug|iPhone.ActiveCfg = Debug|iPhone
		{3D3603C1-03E1-42C9-B424-86EFC1AE4114}.Debug|iPhone.Build.0 = Debug|iPhone
		{3D3603C1-03E1-42C9-B424-86EFC1AE4114}.Debug|iPhoneSimulator.ActiveCfg = Debug|iPhoneSimulator
		{3D3603C1-03E1-42C9-B424-86EFC1AE4114}.Debug|iPhoneSimulator.Build.0 = Debug|iPhoneSimulator
		{3D3603C1-03E1-42C9-B424-86EFC1AE4114}.Debug|x64.ActiveCfg = Debug|iPhone
		{3D3603C1-03E1-42C9-B424-86EFC1AE4114}.Debug|x86.ActiveCfg = Debug|iPhone
		{3D3603C1-03E1-42C9-B424-86EFC1AE4114}.Release|Any CPU.ActiveCfg = Release|iPhone
		{3D3603C1-03E1-42C9-B424-86EFC1AE4114}.Release|ARM.ActiveCfg = Release|iPhone
		{3D3603C1-03E1-42C9-B424-86EFC1AE4114}.Release|iPhone.ActiveCfg = Release|iPhone
		{3D3603C1-03E1-42C9-B424-86EFC1AE4114}.Release|iPhone.Build.0 = Release|iPhone
		{3D3603C1-03E1-42C9-B424-86EFC1AE4114}.Release|iPhoneSimulator.ActiveCfg = Release|iPhoneSimulator
		{3D3603C1-03E1-42C9-B424-86EFC1AE4114}.Release|iPhoneSimulator.Build.0 = Release|iPhoneSimulator
		{3D3603C1-03E1-42C9-B424-86EFC1AE4114}.Release|x64.ActiveCfg = Release|iPhone
		{3D3603C1-03E1-42C9-B424-86EFC1AE4114}.Release|x86.ActiveCfg = Release|iPhone
	EndGlobalSection
	GlobalSection(SolutionProperties) = preSolution
		HideSolutionNode = FALSE
	EndGlobalSection
EndGlobal
